
Microsoft Visual Studio Solution File, Format Version 12.00
# Visual Studio Version 16
VisualStudioVersion = 16.0.31624.102
MinimumVisualStudioVersion = 10.0.40219.1
Project("{9A19103F-16F7-4668-BE54-9A1E7A4F7556}") = "OOPAndFiles", "OOPAndFiles\OOPAndFiles.csproj", "{D0C01B09-0752-4B6F-81B4-52187485AD27}"
EndProject
Project("{9A19103F-16F7-4668-BE54-9A1E7A4F7556}") = "FrozenSecretSanta", "Frozen\FrozenSecretSanta.csproj", "{2E6044FC-4E97-4334-8CE8-A9BC9080CCEB}"
EndProject
Global
	GlobalSection(SolutionConfigurationPlatforms) = preSolution
		Debug|Any CPU = Debug|Any CPU
		Release|Any CPU = Release|Any CPU
	EndGlobalSection
	GlobalSection(ProjectConfigurationPlatforms) = postSolution
		{D0C01B09-0752-4B6F-81B4-52187485AD27}.Debug|Any CPU.ActiveCfg = Debug|Any CPU
		{D0C01B09-0752-4B6F-81B4-52187485AD27}.Debug|Any CPU.Build.0 = Debug|Any CPU
		{D0C01B09-0752-4B6F-81B4-52187485AD27}.Release|Any CPU.ActiveCfg = Release|Any CPU
		{D0C01B09-0752-4B6F-81B4-52187485AD27}.Release|Any CPU.Build.0 = Release|Any CPU
		{2E6044FC-4E97-4334-8CE8-A9BC9080CCEB}.Debug|Any CPU.ActiveCfg = Debug|Any CPU
		{2E6044FC-4E97-4334-8CE8-A9BC9080CCEB}.Debug|Any CPU.Build.0 = Debug|Any CPU
		{2E6044FC-4E97-4334-8CE8-A9BC9080CCEB}.Release|Any CPU.ActiveCfg = Release|Any CPU
		{2E6044FC-4E97-4334-8CE8-A9BC9080CCEB}.Release|Any CPU.Build.0 = Release|Any CPU
	EndGlobalSection
	GlobalSection(SolutionProperties) = preSolution
		HideSolutionNode = FALSE
	EndGlobalSection
	GlobalSection(ExtensibilityGlobals) = postSolution
		SolutionGuid = {26B280D6-8070-4800-B3C9-D2B764F10B96}
	EndGlobalSection
EndGlobal
